
Microsoft Visual Studio Solution File, Format Version 12.00
# Visual Studio Version 17
VisualStudioVersion = 17.2.32630.192
MinimumVisualStudioVersion = 10.0.40219.1
Project("{2150E333-8FDC-42A3-9474-1A3956D46DE8}") = "src", "src", "{0D0BF820-4676-43F9-9078-F451A488B4DD}"
EndProject
Project("{2150E333-8FDC-42A3-9474-1A3956D46DE8}") = "API", "API", "{E98CDE25-1530-4423-A20A-2F31C73D0E90}"
EndProject
Project("{2150E333-8FDC-42A3-9474-1A3956D46DE8}") = "Core", "Core", "{FCA1E831-2CE5-415E-8B9B-917D1B8829C3}"
EndProject
Project("{2150E333-8FDC-42A3-9474-1A3956D46DE8}") = "Infrastructure", "Infrastructure", "{F212F99C-C6CA-4529-9566-AF54BDF1136C}"
EndProject
Project("{2150E333-8FDC-42A3-9474-1A3956D46DE8}") = "UI", "UI", "{8EAFB69C-6B4D-4D10-BDDD-1C396DD597F2}"
EndProject
Project("{2150E333-8FDC-42A3-9474-1A3956D46DE8}") = "test", "test", "{0896B26F-09BE-4FBC-BFF8-66F3DADA938A}"
EndProject
Project("{9A19103F-16F7-4668-BE54-9A1E7A4F7556}") = "PauliTicket.Domain", "PauliTicket.Domain\PauliTicket.Domain.csproj", "{1E35BB49-AFCD-422B-AED9-5CD6384C083B}"
EndProject
Project("{9A19103F-16F7-4668-BE54-9A1E7A4F7556}") = "PauliTicket.Application", "PauliTicket.Application\PauliTicket.Application.csproj", "{6903BD74-41CB-4549-8CE1-705AB72BFAF6}"
EndProject
Project("{9A19103F-16F7-4668-BE54-9A1E7A4F7556}") = "PauliTicket.Persistence", "PauliTicket.Persistence\PauliTicket.Persistence.csproj", "{1D90DC80-570E-4DD6-897F-9D3CDB1FDB2C}"
EndProject
Project("{9A19103F-16F7-4668-BE54-9A1E7A4F7556}") = "PauliTicket.Infrastructure", "PauliTicket.Infrastructure\PauliTicket.Infrastructure.csproj", "{BB4CE1C0-4666-4F67-B392-A036C1935D0E}"
EndProject
Project("{9A19103F-16F7-4668-BE54-9A1E7A4F7556}") = "PauliTicket.API", "PauliTicket.API\PauliTicket.API.csproj", "{6B626FD5-66AC-464A-BD49-A1CC4DB980C3}"
EndProject
Project("{9A19103F-16F7-4668-BE54-9A1E7A4F7556}") = "PauliTicket.Application.UnitTests", "PauliTicket.Application.UnitTests\PauliTicket.Application.UnitTests.csproj", "{30D45D91-BCEB-4E94-BDF4-2993DAEEC79B}"
EndProject
Project("{9A19103F-16F7-4668-BE54-9A1E7A4F7556}") = "PauliTicket.Persistence.IntegrationTests", "PauliTicket.Persistence.IntegrationTests\PauliTicket.Persistence.IntegrationTests.csproj", "{A0CF3462-7A67-4C36-9800-C0658268297E}"
EndProject
Project("{9A19103F-16F7-4668-BE54-9A1E7A4F7556}") = "PauliTicket.API.IntegrationTests", "PauliTicket.API.IntegrationTests\PauliTicket.API.IntegrationTests.csproj", "{0F214B9C-D48E-4ABB-B608-31BE30120A95}"
EndProject
Project("{FAE04EC0-301F-11D3-BF4B-00C04F79EFBC}") = "PauliTicket.Identity", "PauliTicket.Identity\PauliTicket.Identity.csproj", "{F098D6B3-ED0F-41CD-AF48-57DAE3547BDD}"
EndProject
Global
	GlobalSection(SolutionConfigurationPlatforms) = preSolution
		Debug|Any CPU = Debug|Any CPU
		Release|Any CPU = Release|Any CPU
	EndGlobalSection
	GlobalSection(ProjectConfigurationPlatforms) = postSolution
		{1E35BB49-AFCD-422B-AED9-5CD6384C083B}.Debug|Any CPU.ActiveCfg = Debug|Any CPU
		{1E35BB49-AFCD-422B-AED9-5CD6384C083B}.Debug|Any CPU.Build.0 = Debug|Any CPU
		{1E35BB49-AFCD-422B-AED9-5CD6384C083B}.Release|Any CPU.ActiveCfg = Release|Any CPU
		{1E35BB49-AFCD-422B-AED9-5CD6384C083B}.Release|Any CPU.Build.0 = Release|Any CPU
		{6903BD74-41CB-4549-8CE1-705AB72BFAF6}.Debug|Any CPU.ActiveCfg = Debug|Any CPU
		{6903BD74-41CB-4549-8CE1-705AB72BFAF6}.Debug|Any CPU.Build.0 = Debug|Any CPU
		{6903BD74-41CB-4549-8CE1-705AB72BFAF6}.Release|Any CPU.ActiveCfg = Release|Any CPU
		{6903BD74-41CB-4549-8CE1-705AB72BFAF6}.Release|Any CPU.Build.0 = Release|Any CPU
		{1D90DC80-570E-4DD6-897F-9D3CDB1FDB2C}.Debug|Any CPU.ActiveCfg = Debug|Any CPU
		{1D90DC80-570E-4DD6-897F-9D3CDB1FDB2C}.Debug|Any CPU.Build.0 = Debug|Any CPU
		{1D90DC80-570E-4DD6-897F-9D3CDB1FDB2C}.Release|Any CPU.ActiveCfg = Release|Any CPU
		{1D90DC80-570E-4DD6-897F-9D3CDB1FDB2C}.Release|Any CPU.Build.0 = Release|Any CPU
		{BB4CE1C0-4666-4F67-B392-A036C1935D0E}.Debug|Any CPU.ActiveCfg = Debug|Any CPU
		{BB4CE1C0-4666-4F67-B392-A036C1935D0E}.Debug|Any CPU.Build.0 = Debug|Any CPU
		{BB4CE1C0-4666-4F67-B392-A036C1935D0E}.Release|Any CPU.ActiveCfg = Release|Any CPU
		{BB4CE1C0-4666-4F67-B392-A036C1935D0E}.Release|Any CPU.Build.0 = Release|Any CPU
		{6B626FD5-66AC-464A-BD49-A1CC4DB980C3}.Debug|Any CPU.ActiveCfg = Debug|Any CPU
		{6B626FD5-66AC-464A-BD49-A1CC4DB980C3}.Debug|Any CPU.Build.0 = Debug|Any CPU
		{6B626FD5-66AC-464A-BD49-A1CC4DB980C3}.Release|Any CPU.ActiveCfg = Release|Any CPU
		{6B626FD5-66AC-464A-BD49-A1CC4DB980C3}.Release|Any CPU.Build.0 = Release|Any CPU
		{30D45D91-BCEB-4E94-BDF4-2993DAEEC79B}.Debug|Any CPU.ActiveCfg = Debug|Any CPU
		{30D45D91-BCEB-4E94-BDF4-2993DAEEC79B}.Debug|Any CPU.Build.0 = Debug|Any CPU
		{30D45D91-BCEB-4E94-BDF4-2993DAEEC79B}.Release|Any CPU.ActiveCfg = Release|Any CPU
		{30D45D91-BCEB-4E94-BDF4-2993DAEEC79B}.Release|Any CPU.Build.0 = Release|Any CPU
		{A0CF3462-7A67-4C36-9800-C0658268297E}.Debug|Any CPU.ActiveCfg = Debug|Any CPU
		{A0CF3462-7A67-4C36-9800-C0658268297E}.Debug|Any CPU.Build.0 = Debug|Any CPU
		{A0CF3462-7A67-4C36-9800-C0658268297E}.Release|Any CPU.ActiveCfg = Release|Any CPU
		{A0CF3462-7A67-4C36-9800-C0658268297E}.Release|Any CPU.Build.0 = Release|Any CPU
		{0F214B9C-D48E-4ABB-B608-31BE30120A95}.Debug|Any CPU.ActiveCfg = Debug|Any CPU
		{0F214B9C-D48E-4ABB-B608-31BE30120A95}.Debug|Any CPU.Build.0 = Debug|Any CPU
		{0F214B9C-D48E-4ABB-B608-31BE30120A95}.Release|Any CPU.ActiveCfg = Release|Any CPU
		{0F214B9C-D48E-4ABB-B608-31BE30120A95}.Release|Any CPU.Build.0 = Release|Any CPU
		{F098D6B3-ED0F-41CD-AF48-57DAE3547BDD}.Debug|Any CPU.ActiveCfg = Debug|Any CPU
		{F098D6B3-ED0F-41CD-AF48-57DAE3547BDD}.Debug|Any CPU.Build.0 = Debug|Any CPU
		{F098D6B3-ED0F-41CD-AF48-57DAE3547BDD}.Release|Any CPU.ActiveCfg = Release|Any CPU
		{F098D6B3-ED0F-41CD-AF48-57DAE3547BDD}.Release|Any CPU.Build.0 = Release|Any CPU
	EndGlobalSection
	GlobalSection(SolutionProperties) = preSolution
		HideSolutionNode = FALSE
	EndGlobalSection
	GlobalSection(NestedProjects) = preSolution
		{E98CDE25-1530-4423-A20A-2F31C73D0E90} = {0D0BF820-4676-43F9-9078-F451A488B4DD}
		{FCA1E831-2CE5-415E-8B9B-917D1B8829C3} = {0D0BF820-4676-43F9-9078-F451A488B4DD}
		{F212F99C-C6CA-4529-9566-AF54BDF1136C} = {0D0BF820-4676-43F9-9078-F451A488B4DD}
		{8EAFB69C-6B4D-4D10-BDDD-1C396DD597F2} = {0D0BF820-4676-43F9-9078-F451A488B4DD}
		{1E35BB49-AFCD-422B-AED9-5CD6384C083B} = {FCA1E831-2CE5-415E-8B9B-917D1B8829C3}
		{6903BD74-41CB-4549-8CE1-705AB72BFAF6} = {FCA1E831-2CE5-415E-8B9B-917D1B8829C3}
		{1D90DC80-570E-4DD6-897F-9D3CDB1FDB2C} = {F212F99C-C6CA-4529-9566-AF54BDF1136C}
		{BB4CE1C0-4666-4F67-B392-A036C1935D0E} = {F212F99C-C6CA-4529-9566-AF54BDF1136C}
		{6B626FD5-66AC-464A-BD49-A1CC4DB980C3} = {E98CDE25-1530-4423-A20A-2F31C73D0E90}
		{30D45D91-BCEB-4E94-BDF4-2993DAEEC79B} = {0896B26F-09BE-4FBC-BFF8-66F3DADA938A}
		{A0CF3462-7A67-4C36-9800-C0658268297E} = {0896B26F-09BE-4FBC-BFF8-66F3DADA938A}
		{0F214B9C-D48E-4ABB-B608-31BE30120A95} = {0896B26F-09BE-4FBC-BFF8-66F3DADA938A}
		{F098D6B3-ED0F-41CD-AF48-57DAE3547BDD} = {F212F99C-C6CA-4529-9566-AF54BDF1136C}
	EndGlobalSection
	GlobalSection(ExtensibilityGlobals) = postSolution
		SolutionGuid = {2C88958E-BBDE-46F0-A958-C82CDBB53A31}
	EndGlobalSection
EndGlobal
